
Microsoft Visual Studio Solution File, Format Version 12.00
# Visual Studio Version 17
VisualStudioVersion = 17.3.32929.385
MinimumVisualStudioVersion = 10.0.40219.1
Project("{8BC9CEB8-8B4A-11D0-8D11-00A0C91BC942}") = "Calendar", "Calendar.vcxproj", "{ACC96C81-5651-40C1-9E7F-ED9471FF1D26}"
EndProject
Global
	GlobalSection(SolutionConfigurationPlatforms) = preSolution
		Debug|x64 = Debug|x64
		Debug|x86 = Debug|x86
		Release|x64 = Release|x64
		Release|x86 = Release|x86
	EndGlobalSection
	GlobalSection(ProjectConfigurationPlatforms) = postSolution
		{ACC96C81-5651-40C1-9E7F-ED9471FF1D26}.Debug|x64.ActiveCfg = Debug|x64
		{ACC96C81-5651-40C1-9E7F-ED9471FF1D26}.Debug|x64.Build.0 = Debug|x64
		{ACC96C81-5651-40C1-9E7F-ED9471FF1D26}.Debug|x86.ActiveCfg = Debug|Win32
		{ACC96C81-5651-40C1-9E7F-ED9471FF1D26}.Debug|x86.Build.0 = Debug|Win32
		{ACC96C81-5651-40C1-9E7F-ED9471FF1D26}.Release|x64.ActiveCfg = Release|x64
		{ACC96C81-5651-40C1-9E7F-ED9471FF1D26}.Release|x64.Build.0 = Release|x64
		{ACC96C81-5651-40C1-9E7F-ED9471FF1D26}.Release|x86.ActiveCfg = Release|Win32
		{ACC96C81-5651-40C1-9E7F-ED9471FF1D26}.Release|x86.Build.0 = Release|Win32
	EndGlobalSection
	GlobalSection(SolutionProperties) = preSolution
		HideSolutionNode = FALSE
	EndGlobalSection
	GlobalSection(ExtensibilityGlobals) = postSolution
		SolutionGuid = {4F54FA9A-97F2-45A7-BCCA-53C2DA84D52F}
	EndGlobalSection
EndGlobal
